
Microsoft Visual Studio Solution File, Format Version 12.00
# Visual Studio 14
VisualStudioVersion = 14.0.25420.1
MinimumVisualStudioVersion = 10.0.40219.1
Project("{FAE04EC0-301F-11D3-BF4B-00C04F79EFBC}") = "TeamTools.Web", "TeamTools.Web\TeamTools.Web.csproj", "{ABB989D8-A441-4A55-8B70-34BF9F220DCF}"
EndProject
Project("{2150E333-8FDC-42A3-9474-1A3956D46DE8}") = "TeamToolsExtended.Tests", "TeamToolsExtended.Tests", "{42889A93-297D-4502-A7D9-96B5AFC7F15E}"
EndProject
Project("{2150E333-8FDC-42A3-9474-1A3956D46DE8}") = "TeamToolsExtended", "TeamToolsExtended", "{BB47155E-3BD9-489E-8AEC-C93D7DFC8BE6}"
EndProject
Project("{FAE04EC0-301F-11D3-BF4B-00C04F79EFBC}") = "TeamTools.Logic", "TeamTools.Logic\TeamTools.Logic.csproj", "{0265786E-93D5-467D-B1FA-2A8FF03FF459}"
EndProject
Project("{FAE04EC0-301F-11D3-BF4B-00C04F79EFBC}") = "TeamTools.Logic.Tests", "TeamTools.Logic.Tests\TeamTools.Logic.Tests.csproj", "{1380F4DF-7E90-482C-8B13-57317E8781CB}"
EndProject
Project("{FAE04EC0-301F-11D3-BF4B-00C04F79EFBC}") = "TeamTools.Authentication", "TeamTools.Authentication\TeamTools.Authentication.csproj", "{FE4F9A44-B601-44E3-9102-616DE721281B}"
EndProject
Global
	GlobalSection(SolutionConfigurationPlatforms) = preSolution
		Debug|Any CPU = Debug|Any CPU
		Release|Any CPU = Release|Any CPU
	EndGlobalSection
	GlobalSection(ProjectConfigurationPlatforms) = postSolution
		{ABB989D8-A441-4A55-8B70-34BF9F220DCF}.Debug|Any CPU.ActiveCfg = Debug|Any CPU
		{ABB989D8-A441-4A55-8B70-34BF9F220DCF}.Debug|Any CPU.Build.0 = Debug|Any CPU
		{ABB989D8-A441-4A55-8B70-34BF9F220DCF}.Release|Any CPU.ActiveCfg = Release|Any CPU
		{ABB989D8-A441-4A55-8B70-34BF9F220DCF}.Release|Any CPU.Build.0 = Release|Any CPU
		{0265786E-93D5-467D-B1FA-2A8FF03FF459}.Debug|Any CPU.ActiveCfg = Debug|Any CPU
		{0265786E-93D5-467D-B1FA-2A8FF03FF459}.Debug|Any CPU.Build.0 = Debug|Any CPU
		{0265786E-93D5-467D-B1FA-2A8FF03FF459}.Release|Any CPU.ActiveCfg = Release|Any CPU
		{0265786E-93D5-467D-B1FA-2A8FF03FF459}.Release|Any CPU.Build.0 = Release|Any CPU
		{1380F4DF-7E90-482C-8B13-57317E8781CB}.Debug|Any CPU.ActiveCfg = Debug|Any CPU
		{1380F4DF-7E90-482C-8B13-57317E8781CB}.Debug|Any CPU.Build.0 = Debug|Any CPU
		{1380F4DF-7E90-482C-8B13-57317E8781CB}.Release|Any CPU.ActiveCfg = Release|Any CPU
		{1380F4DF-7E90-482C-8B13-57317E8781CB}.Release|Any CPU.Build.0 = Release|Any CPU
		{FE4F9A44-B601-44E3-9102-616DE721281B}.Debug|Any CPU.ActiveCfg = Debug|Any CPU
		{FE4F9A44-B601-44E3-9102-616DE721281B}.Debug|Any CPU.Build.0 = Debug|Any CPU
		{FE4F9A44-B601-44E3-9102-616DE721281B}.Release|Any CPU.ActiveCfg = Release|Any CPU
		{FE4F9A44-B601-44E3-9102-616DE721281B}.Release|Any CPU.Build.0 = Release|Any CPU
	EndGlobalSection
	GlobalSection(SolutionProperties) = preSolution
		HideSolutionNode = FALSE
	EndGlobalSection
	GlobalSection(NestedProjects) = preSolution
		{ABB989D8-A441-4A55-8B70-34BF9F220DCF} = {BB47155E-3BD9-489E-8AEC-C93D7DFC8BE6}
		{0265786E-93D5-467D-B1FA-2A8FF03FF459} = {BB47155E-3BD9-489E-8AEC-C93D7DFC8BE6}
		{1380F4DF-7E90-482C-8B13-57317E8781CB} = {42889A93-297D-4502-A7D9-96B5AFC7F15E}
		{FE4F9A44-B601-44E3-9102-616DE721281B} = {BB47155E-3BD9-489E-8AEC-C93D7DFC8BE6}
	EndGlobalSection
EndGlobal
